
Microsoft Visual Studio Solution File, Format Version 12.00
Project("{FAE04EC0-301F-11D3-BF4B-00C04F79EFBC}") = "rsaShit", "rsaShit.csproj", "{BF13F548-D4C6-461F-B837-19881BB68630}"
EndProject
Global
	GlobalSection(SolutionConfigurationPlatforms) = preSolution
		Debug|Any CPU = Debug|Any CPU
		Release|Any CPU = Release|Any CPU
	EndGlobalSection
	GlobalSection(ProjectConfigurationPlatforms) = postSolution
		{BF13F548-D4C6-461F-B837-19881BB68630}.Debug|Any CPU.ActiveCfg = Debug|Any CPU
		{BF13F548-D4C6-461F-B837-19881BB68630}.Debug|Any CPU.Build.0 = Debug|Any CPU
		{BF13F548-D4C6-461F-B837-19881BB68630}.Release|Any CPU.ActiveCfg = Release|Any CPU
		{BF13F548-D4C6-461F-B837-19881BB68630}.Release|Any CPU.Build.0 = Release|Any CPU
	EndGlobalSection
EndGlobal
